
Microsoft Visual Studio Solution File, Format Version 12.00
# Visual Studio Version 17
VisualStudioVersion = 17.1.32328.378
MinimumVisualStudioVersion = 10.0.40219.1
Project("{FAE04EC0-301F-11D3-BF4B-00C04F79EFBC}") = "PoleDisplayWeatherForecast", "PoleDisplayWeatherForecast\PoleDisplayWeatherForecast.csproj", "{F30A74CA-36FC-474D-9BAB-376D2DA78BCE}"
EndProject
Global
	GlobalSection(SolutionConfigurationPlatforms) = preSolution
		Debug|Any CPU = Debug|Any CPU
		Release|Any CPU = Release|Any CPU
	EndGlobalSection
	GlobalSection(ProjectConfigurationPlatforms) = postSolution
		{F30A74CA-36FC-474D-9BAB-376D2DA78BCE}.Debug|Any CPU.ActiveCfg = Debug|Any CPU
		{F30A74CA-36FC-474D-9BAB-376D2DA78BCE}.Debug|Any CPU.Build.0 = Debug|Any CPU
		{F30A74CA-36FC-474D-9BAB-376D2DA78BCE}.Release|Any CPU.ActiveCfg = Release|Any CPU
		{F30A74CA-36FC-474D-9BAB-376D2DA78BCE}.Release|Any CPU.Build.0 = Release|Any CPU
	EndGlobalSection
	GlobalSection(SolutionProperties) = preSolution
		HideSolutionNode = FALSE
	EndGlobalSection
	GlobalSection(ExtensibilityGlobals) = postSolution
		SolutionGuid = {4F74063E-0E6B-46F2-A72F-573EA8F55A76}
	EndGlobalSection
EndGlobal
